// !$*UTF8*$!
{
	archiveVersion = 1;
	classes = {
	};
	objectVersion = 50;
	objects = {

/* Begin PBXBuildFile section */
		CC09B98B22684EB40009E26A /* AppDelegate.swift in Sources */ = {isa = PBXBuildFile; fileRef = CC09B98A22684EB40009E26A /* AppDelegate.swift */; };
		CC09B98D22684EB40009E26A /* ViewController.swift in Sources */ = {isa = PBXBuildFile; fileRef = CC09B98C22684EB40009E26A /* ViewController.swift */; };
		CC09B99022684EB40009E26A /* Main.storyboard in Resources */ = {isa = PBXBuildFile; fileRef = CC09B98E22684EB40009E26A /* Main.storyboard */; };
		CC09B99522684EB60009E26A /* LaunchScreen.storyboard in Resources */ = {isa = PBXBuildFile; fileRef = CC09B99322684EB60009E26A /* LaunchScreen.storyboard */; };
		CC9F765D226DDAFA00C5DECC /* ProjectVC.swift in Sources */ = {isa = PBXBuildFile; fileRef = CC9F765C226DDAFA00C5DECC /* ProjectVC.swift */; };
		CCC52A26226F77300002A5B7 /* SettingVC.swift in Sources */ = {isa = PBXBuildFile; fileRef = CCC52A25226F77300002A5B7 /* SettingVC.swift */; };
		CCDC7AB8226F43270048B3C0 /* SettingCell.swift in Sources */ = {isa = PBXBuildFile; fileRef = CCDC7AB7226F43270048B3C0 /* SettingCell.swift */; };
		CCF427842270528900E8B796 /* Assets.xcassets in Resources */ = {isa = PBXBuildFile; fileRef = CCF427832270528800E8B796 /* Assets.xcassets */; };
/* End PBXBuildFile section */

/* Begin PBXFileReference section */
		CC09B98722684EB40009E26A /* Video_editor.app */ = {isa = PBXFileReference; explicitFileType = wrapper.application; includeInIndex = 0; path = Video_editor.app; sourceTree = BUILT_PRODUCTS_DIR; };
		CC09B98A22684EB40009E26A /* AppDelegate.swift */ = {isa = PBXFileReference; lastKnownFileType = sourcecode.swift; path = AppDelegate.swift; sourceTree = "<group>"; };
		CC09B98C22684EB40009E26A /* ViewController.swift */ = {isa = PBXFileReference; lastKnownFileType = sourcecode.swift; path = ViewController.swift; sourceTree = "<group>"; };
		CC09B98F22684EB40009E26A /* Base */ = {isa = PBXFileReference; lastKnownFileType = file.storyboard; name = Base; path = Base.lproj/Main.storyboard; sourceTree = "<group>"; };
		CC09B99422684EB60009E26A /* Base */ = {isa = PBXFileReference; lastKnownFileType = file.storyboard; name = Base; path = Base.lproj/LaunchScreen.storyboard; sourceTree = "<group>"; };
		CC09B99622684EB60009E26A /* Info.plist */ = {isa = PBXFileReference; lastKnownFileType = text.plist.xml; path = Info.plist; sourceTree = "<group>"; };
		CC9F765C226DDAFA00C5DECC /* ProjectVC.swift */ = {isa = PBXFileReference; lastKnownFileType = sourcecode.swift; path = ProjectVC.swift; sourceTree = "<group>"; };
		CCC52A25226F77300002A5B7 /* SettingVC.swift */ = {isa = PBXFileReference; lastKnownFileType = sourcecode.swift; path = SettingVC.swift; sourceTree = "<group>"; };
		CCDC7AB7226F43270048B3C0 /* SettingCell.swift */ = {isa = PBXFileReference; lastKnownFileType = sourcecode.swift; path = SettingCell.swift; sourceTree = "<group>"; };
		CCF427832270528800E8B796 /* Assets.xcassets */ = {isa = PBXFileReference; lastKnownFileType = folder.assetcatalog; path = Assets.xcassets; sourceTree = "<group>"; };
/* End PBXFileReference section */

/* Begin PBXFrameworksBuildPhase section */
		CC09B98422684EB40009E26A /* Frameworks */ = {
			isa = PBXFrameworksBuildPhase;
			buildActionMask = 2147483647;
			files = (
			);
			runOnlyForDeploymentPostprocessing = 0;
		};
/* End PBXFrameworksBuildPhase section */

/* Begin PBXGroup section */
		CC09B97E22684EB40009E26A = {
			isa = PBXGroup;
			children = (
				CC09B98922684EB40009E26A /* Video_editor */,
				CC09B98822684EB40009E26A /* Products */,
			);
			sourceTree = "<group>";
		};
		CC09B98822684EB40009E26A /* Products */ = {
			isa = PBXGroup;
			children = (
				CC09B98722684EB40009E26A /* Video_editor.app */,
			);
			name = Products;
			sourceTree = "<group>";
		};
		CC09B98922684EB40009E26A /* Video_editor */ = {
			isa = PBXGroup;
			children = (
				CC09B99F22684EE60009E26A /* Controller */,
				CC09B99E22684EDC0009E26A /* Supporting Files */,
				CC09B99D22684ED70009E26A /* Model */,
				CC09B99C22684ED10009E26A /* View */,
			);
			path = Video_editor;
			sourceTree = "<group>";
		};
		CC09B99C22684ED10009E26A /* View */ = {
			isa = PBXGroup;
			children = (
				CCF427832270528800E8B796 /* Assets.xcassets */,
				CC09B98E22684EB40009E26A /* Main.storyboard */,
			);
			path = View;
			sourceTree = "<group>";
		};
		CC09B99D22684ED70009E26A /* Model */ = {
			isa = PBXGroup;
			children = (
				CCDC7AB7226F43270048B3C0 /* SettingCell.swift */,
			);
			path = Model;
			sourceTree = "<group>";
		};
		CC09B99E22684EDC0009E26A /* Supporting Files */ = {
			isa = PBXGroup;
			children = (
				CC09B99322684EB60009E26A /* LaunchScreen.storyboard */,
				CC09B99622684EB60009E26A /* Info.plist */,
			);
			path = "Supporting Files";
			sourceTree = "<group>";
		};
		CC09B99F22684EE60009E26A /* Controller */ = {
			isa = PBXGroup;
			children = (
				CC09B98A22684EB40009E26A /* AppDelegate.swift */,
				CC09B98C22684EB40009E26A /* ViewController.swift */,
				CC9F765C226DDAFA00C5DECC /* ProjectVC.swift */,
				CCC52A25226F77300002A5B7 /* SettingVC.swift */,
			);
			path = Controller;
			sourceTree = "<group>";
		};
/* End PBXGroup section */

/* Begin PBXNativeTarget section */
		CC09B98622684EB40009E26A /* Video_editor */ = {
			isa = PBXNativeTarget;
			buildConfigurationList = CC09B99922684EB60009E26A /* Build configuration list for PBXNativeTarget "Video_editor" */;
			buildPhases = (
				CC09B98322684EB40009E26A /* Sources */,
				CC09B98422684EB40009E26A /* Frameworks */,
				CC09B98522684EB40009E26A /* Resources */,
			);
			buildRules = (
			);
			dependencies = (
			);
			name = Video_editor;
			productName = Video_editor;
			productReference = CC09B98722684EB40009E26A /* Video_editor.app */;
			productType = "com.apple.product-type.application";
		};
/* End PBXNativeTarget section */

/* Begin PBXProject section */
		CC09B97F22684EB40009E26A /* Project object */ = {
			isa = PBXProject;
			attributes = {
				LastSwiftUpdateCheck = 1020;
				LastUpgradeCheck = 1020;
				ORGANIZATIONNAME = "강병우";
				TargetAttributes = {
					CC09B98622684EB40009E26A = {
						CreatedOnToolsVersion = 10.2.1;
					};
				};
			};
			buildConfigurationList = CC09B98222684EB40009E26A /* Build configuration list for PBXProject "Video_editor" */;
			compatibilityVersion = "Xcode 9.3";
			developmentRegion = en;
			hasScannedForEncodings = 0;
			knownRegions = (
				en,
				Base,
			);
			mainGroup = CC09B97E22684EB40009E26A;
			productRefGroup = CC09B98822684EB40009E26A /* Products */;
			projectDirPath = "";
			projectRoot = "";
			targets = (
				CC09B98622684EB40009E26A /* Video_editor */,
			);
		};
/* End PBXProject section */

/* Begin PBXResourcesBuildPhase section */
		CC09B98522684EB40009E26A /* Resources */ = {
			isa = PBXResourcesBuildPhase;
			buildActionMask = 2147483647;
			files = (
				CC09B99522684EB60009E26A /* LaunchScreen.storyboard in Resources */,
				CCF427842270528900E8B796 /* Assets.xcassets in Resources */,
				CC09B99022684EB40009E26A /* Main.storyboard in Resources */,
			);
			runOnlyForDeploymentPostprocessing = 0;
		};
/* End PBXResourcesBuildPhase section */

/* Begin PBXSourcesBuildPhase section */
		CC09B98322684EB40009E26A /* Sources */ = {
			isa = PBXSourcesBuildPhase;
			buildActionMask = 2147483647;
			files = (
				CC09B98D22684EB40009E26A /* ViewController.swift in Sources */,
				CC9F765D226DDAFA00C5DECC /* ProjectVC.swift in Sources */,
				CCC52A26226F77300002A5B7 /* SettingVC.swift in Sources */,
				CCDC7AB8226F43270048B3C0 /* SettingCell.swift in Sources */,
				CC09B98B22684EB40009E26A /* AppDelegate.swift in Sources */,
			);
			runOnlyForDeploymentPostprocessing = 0;
		};
/* End PBXSourcesBuildPhase section */

/* Begin PBXVariantGroup section */
		CC09B98E22684EB40009E26A /* Main.storyboard */ = {
			isa = PBXVariantGroup;
			children = (
				CC09B98F22684EB40009E26A /* Base */,
			);
			name = Main.storyboard;
			sourceTree = "<group>";
		};
		CC09B99322684EB60009E26A /* LaunchScreen.storyboard */ = {
			isa = PBXVariantGroup;
			children = (
				CC09B99422684EB60009E26A /* Base */,
			);
			name = LaunchScreen.storyboard;
			sourceTree = "<group>";
		};
/* End PBXVariantGroup section */

/* Begin XCBuildConfiguration section */
		CC09B99722684EB60009E26A /* Debug */ = {
			isa = XCBuildConfiguration;
			buildSettings = {
				ALWAYS_SEARCH_USER_PATHS = NO;
				CLANG_ANALYZER_NONNULL = YES;
				CLANG_ANALYZER_NUMBER_OBJECT_CONVERSION = YES_AGGRESSIVE;
				CLANG_CXX_LANGUAGE_STANDARD = "gnu++14";
				CLANG_CXX_LIBRARY = "libc++";
				CLANG_ENABLE_MODULES = YES;
				CLANG_ENABLE_OBJC_ARC = YES;
				CLANG_ENABLE_OBJC_WEAK = YES;
				CLANG_WARN_BLOCK_CAPTURE_AUTORELEASING = YES;
				CLANG_WARN_BOOL_CONVERSION = YES;
				CLANG_WARN_COMMA = YES;
				CLANG_WARN_CONSTANT_CONVERSION = YES;
				CLANG_WARN_DEPRECATED_OBJC_IMPLEMENTATIONS = YES;
				CLANG_WARN_DIRECT_OBJC_ISA_USAGE = YES_ERROR;
				CLANG_WARN_DOCUMENTATION_COMMENTS = YES;
				CLANG_WARN_EMPTY_BODY = YES;
				CLANG_WARN_ENUM_CONVERSION = YES;
				CLANG_WARN_INFINITE_RECURSION = YES;
				CLANG_WARN_INT_CONVERSION = YES;
				CLANG_WARN_NON_LITERAL_NULL_CONVERSION = YES;
				CLANG_WARN_OBJC_IMPLICIT_RETAIN_SELF = YES;
				CLANG_WARN_OBJC_LITERAL_CONVERSION = YES;
				CLANG_WARN_OBJC_ROOT_CLASS = YES_ERROR;
				CLANG_WARN_RANGE_LOOP_ANALYSIS = YES;
				CLANG_WARN_STRICT_PROTOTYPES = YES;
				CLANG_WARN_SUSPICIOUS_MOVE = YES;
				CLANG_WARN_UNGUARDED_AVAILABILITY = YES_AGGRESSIVE;
				CLANG_WARN_UNREACHABLE_CODE = YES;
				CLANG_WARN__DUPLICATE_METHOD_MATCH = YES;
				CODE_SIGN_IDENTITY = "iPhone Developer";
				COPY_PHASE_STRIP = NO;
				DEBUG_INFORMATION_FORMAT = dwarf;
				ENABLE_STRICT_OBJC_MSGSEND = YES;
				ENABLE_TESTABILITY = YES;
				GCC_C_LANGUAGE_STANDARD = gnu11;
				GCC_DYNAMIC_NO_PIC = NO;
				GCC_NO_COMMON_BLOCKS = YES;
				GCC_OPTIMIZATION_LEVEL = 0;
				GCC_PREPROCESSOR_DEFINITIONS = (
					"DEBUG=1",
					"$(inherited)",
				);
				GCC_WARN_64_TO_32_BIT_CONVERSION = YES;
				GCC_WARN_ABOUT_RETURN_TYPE = YES_ERROR;
				GCC_WARN_UNDECLARED_SELECTOR = YES;
				GCC_WARN_UNINITIALIZED_AUTOS = YES_AGGRESSIVE;
				GCC_WARN_UNUSED_FUNCTION = YES;
				GCC_WARN_UNUSED_VARIABLE = YES;
				IPHONEOS_DEPLOYMENT_TARGET = 12.2;
				MTL_ENABLE_DEBUG_INFO = INCLUDE_SOURCE;
				MTL_FAST_MATH = YES;
				ONLY_ACTIVE_ARCH = YES;
				SDKROOT = iphoneos;
				SWIFT_ACTIVE_COMPILATION_CONDITIONS = DEBUG;
				SWIFT_OPTIMIZATION_LEVEL = "-Onone";
			};
			name = Debug;
		};
		CC09B99822684EB60009E26A /* Release */ = {
			isa = XCBuildConfiguration;
			buildSettings = {
				ALWAYS_SEARCH_USER_PATHS = NO;
				CLANG_ANALYZER_NONNULL = YES;
				CLANG_ANALYZER_NUMBER_OBJECT_CONVERSION = YES_AGGRESSIVE;
				CLANG_CXX_LANGUAGE_STANDARD = "gnu++14";
				CLANG_CXX_LIBRARY = "libc++";
				CLANG_ENABLE_MODULES = YES;
				CLANG_ENABLE_OBJC_ARC = YES;
				CLANG_ENABLE_OBJC_WEAK = YES;
				CLANG_WARN_BLOCK_CAPTURE_AUTORELEASING = YES;
				CLANG_WARN_BOOL_CONVERSION = YES;
				CLANG_WARN_COMMA = YES;
				CLANG_WARN_CONSTANT_CONVERSION = YES;
				CLANG_WARN_DEPRECATED_OBJC_IMPLEMENTATIONS = YES;
				CLANG_WARN_DIRECT_OBJC_ISA_USAGE = YES_ERROR;
				CLANG_WARN_DOCUMENTATION_COMMENTS = YES;
				CLANG_WARN_EMPTY_BODY = YES;
				CLANG_WARN_ENUM_CONVERSION = YES;
				CLANG_WARN_INFINITE_RECURSION = YES;
				CLANG_WARN_INT_CONVERSION = YES;
				CLANG_WARN_NON_LITERAL_NULL_CONVERSION = YES;
				CLANG_WARN_OBJC_IMPLICIT_RETAIN_SELF = YES;
				CLANG_WARN_OBJC_LITERAL_CONVERSION = YES;
				CLANG_WARN_OBJC_ROOT_CLASS = YES_ERROR;
				CLANG_WARN_RANGE_LOOP_ANALYSIS = YES;
				CLANG_WARN_STRICT_PROTOTYPES = YES;
				CLANG_WARN_SUSPICIOUS_MOVE = YES;
				CLANG_WARN_UNGUARDED_AVAILABILITY = YES_AGGRESSIVE;
				CLANG_WARN_UNREACHABLE_CODE = YES;
				CLANG_WARN__DUPLICATE_METHOD_MATCH = YES;
				CODE_SIGN_IDENTITY = "iPhone Developer";
				COPY_PHASE_STRIP = NO;
				DEBUG_INFORMATION_FORMAT = "dwarf-with-dsym";
				ENABLE_NS_ASSERTIONS = NO;
				ENABLE_STRICT_OBJC_MSGSEND = YES;
				GCC_C_LANGUAGE_STANDARD = gnu11;
				GCC_NO_COMMON_BLOCKS = YES;
				GCC_WARN_64_TO_32_BIT_CONVERSION = YES;
				GCC_WARN_ABOUT_RETURN_TYPE = YES_ERROR;
				GCC_WARN_UNDECLARED_SELECTOR = YES;
				GCC_WARN_UNINITIALIZED_AUTOS = YES_AGGRESSIVE;
				GCC_WARN_UNUSED_FUNCTION = YES;
				GCC_WARN_UNUSED_VARIABLE = YES;
				IPHONEOS_DEPLOYMENT_TARGET = 12.2;
				MTL_ENABLE_DEBUG_INFO = NO;
				MTL_FAST_MATH = YES;
				SDKROOT = iphoneos;
				SWIFT_COMPILATION_MODE = wholemodule;
				SWIFT_OPTIMIZATION_LEVEL = "-O";
				VALIDATE_PRODUCT = YES;
			};
			name = Release;
		};
		CC09B99A22684EB60009E26A /* Debug */ = {
			isa = XCBuildConfiguration;
			buildSettings = {
				ASSETCATALOG_COMPILER_APPICON_NAME = AppIcon;
				CODE_SIGN_STYLE = Automatic;
				DEVELOPMENT_TEAM = 3XVKPQ55YF;
				INFOPLIST_FILE = "$(SRCROOT)/Video_editor/Supporting Files/Info.plist";
				LD_RUNPATH_SEARCH_PATHS = (
					"$(inherited)",
					"@executable_path/Frameworks",
				);
				PRODUCT_BUNDLE_IDENTIFIER = "kbw.Video-editor";
				PRODUCT_NAME = "$(TARGET_NAME)";
				SWIFT_VERSION = 5.0;
				TARGETED_DEVICE_FAMILY = "1,2";
			};
			name = Debug;
		};
		CC09B99B22684EB60009E26A /* Release */ = {
			isa = XCBuildConfiguration;
			buildSettings = {
				ASSETCATALOG_COMPILER_APPICON_NAME = AppIcon;
				CODE_SIGN_STYLE = Automatic;
				DEVELOPMENT_TEAM = 3XVKPQ55YF;
				INFOPLIST_FILE = "$(SRCROOT)/Video_editor/Supporting Files/Info.plist";
				LD_RUNPATH_SEARCH_PATHS = (
					"$(inherited)",
					"@executable_path/Frameworks",
				);
				PRODUCT_BUNDLE_IDENTIFIER = "kbw.Video-editor";
				PRODUCT_NAME = "$(TARGET_NAME)";
				SWIFT_VERSION = 5.0;
				TARGETED_DEVICE_FAMILY = "1,2";
			};
			name = Release;
		};
/* End XCBuildConfiguration section */

/* Begin XCConfigurationList section */
		CC09B98222684EB40009E26A /* Build configuration list for PBXProject "Video_editor" */ = {
			isa = XCConfigurationList;
			buildConfigurations = (
				CC09B99722684EB60009E26A /* Debug */,
				CC09B99822684EB60009E26A /* Release */,
			);
			defaultConfigurationIsVisible = 0;
			defaultConfigurationName = Release;
		};
		CC09B99922684EB60009E26A /* Build configuration list for PBXNativeTarget "Video_editor" */ = {
			isa = XCConfigurationList;
			buildConfigurations = (
				CC09B99A22684EB60009E26A /* Debug */,
				CC09B99B22684EB60009E26A /* Release */,
			);
			defaultConfigurationIsVisible = 0;
			defaultConfigurationName = Release;
		};
/* End XCConfigurationList section */
	};
	rootObject = CC09B97F22684EB40009E26A /* Project object */;
}
